// !$*UTF8*$!
{
	archiveVersion = 1;
	classes = {
	};
	objectVersion = 56;
	objects = {

/* Begin PBXBuildFile section */
		3024E002297E9A830016082B /* Constants.swift in Sources */ = {isa = PBXBuildFile; fileRef = 3024E001297E9A830016082B /* Constants.swift */; };
		302D3625296C716C003A15A3 /* ProfileViewController.swift in Sources */ = {isa = PBXBuildFile; fileRef = 302D3624296C716C003A15A3 /* ProfileViewController.swift */; };
		302D3627296EE4EB003A15A3 /* SingleImageViewController.swift in Sources */ = {isa = PBXBuildFile; fileRef = 302D3626296EE4EB003A15A3 /* SingleImageViewController.swift */; };
		3060753A2951D017008E36D9 /* ImageListCell.swift in Sources */ = {isa = PBXBuildFile; fileRef = 306075392951D017008E36D9 /* ImageListCell.swift */; };
		3092426A298CF8A500ABB680 /* SplashViewController.swift in Sources */ = {isa = PBXBuildFile; fileRef = 30924269298CF8A500ABB680 /* SplashViewController.swift */; };
		3092426E298D11E700ABB680 /* URL+Extensions.swift in Sources */ = {isa = PBXBuildFile; fileRef = 3092426D298D11E700ABB680 /* URL+Extensions.swift */; };
		30924270298D191B00ABB680 /* OAuthTokenResponseBody.swift in Sources */ = {isa = PBXBuildFile; fileRef = 3092426F298D191B00ABB680 /* OAuthTokenResponseBody.swift */; };
		30B8D12D29827BA800F9A637 /* AuthViewController.swift in Sources */ = {isa = PBXBuildFile; fileRef = 30B8D12C29827BA800F9A637 /* AuthViewController.swift */; };
		30B8D12F29827D5200F9A637 /* WebViewViewController.swift in Sources */ = {isa = PBXBuildFile; fileRef = 30B8D12E29827D5200F9A637 /* WebViewViewController.swift */; };
		30B8D135298BF64700F9A637 /* OAuth2Service.swift in Sources */ = {isa = PBXBuildFile; fileRef = 30B8D134298BF64700F9A637 /* OAuth2Service.swift */; };
		30B8D137298BFA5900F9A637 /* OAuth2TokenStorage.swift in Sources */ = {isa = PBXBuildFile; fileRef = 30B8D136298BFA5900F9A637 /* OAuth2TokenStorage.swift */; };
		30EBFA7B29506C7300563AD4 /* AppDelegate.swift in Sources */ = {isa = PBXBuildFile; fileRef = 30EBFA7A29506C7300563AD4 /* AppDelegate.swift */; };
		30EBFA7D29506C7300563AD4 /* SceneDelegate.swift in Sources */ = {isa = PBXBuildFile; fileRef = 30EBFA7C29506C7300563AD4 /* SceneDelegate.swift */; };
		30EBFA7F29506C7300563AD4 /* ImagesListViewController.swift in Sources */ = {isa = PBXBuildFile; fileRef = 30EBFA7E29506C7300563AD4 /* ImagesListViewController.swift */; };
		30EBFA8229506C7300563AD4 /* Main.storyboard in Resources */ = {isa = PBXBuildFile; fileRef = 30EBFA8029506C7300563AD4 /* Main.storyboard */; };
		30EBFA8429506C7700563AD4 /* Assets.xcassets in Resources */ = {isa = PBXBuildFile; fileRef = 30EBFA8329506C7700563AD4 /* Assets.xcassets */; };
		30EBFA8729506C7700563AD4 /* LaunchScreen.storyboard in Resources */ = {isa = PBXBuildFile; fileRef = 30EBFA8529506C7700563AD4 /* LaunchScreen.storyboard */; };
/* End PBXBuildFile section */

/* Begin PBXFileReference section */
		3024E001297E9A830016082B /* Constants.swift */ = {isa = PBXFileReference; lastKnownFileType = sourcecode.swift; path = Constants.swift; sourceTree = "<group>"; };
		302D3624296C716C003A15A3 /* ProfileViewController.swift */ = {isa = PBXFileReference; lastKnownFileType = sourcecode.swift; path = ProfileViewController.swift; sourceTree = "<group>"; wrapsLines = 0; };
		302D3626296EE4EB003A15A3 /* SingleImageViewController.swift */ = {isa = PBXFileReference; lastKnownFileType = sourcecode.swift; path = SingleImageViewController.swift; sourceTree = "<group>"; };
		306075392951D017008E36D9 /* ImageListCell.swift */ = {isa = PBXFileReference; lastKnownFileType = sourcecode.swift; path = ImageListCell.swift; sourceTree = "<group>"; };
		30924269298CF8A500ABB680 /* SplashViewController.swift */ = {isa = PBXFileReference; lastKnownFileType = sourcecode.swift; path = SplashViewController.swift; sourceTree = "<group>"; };
		3092426D298D11E700ABB680 /* URL+Extensions.swift */ = {isa = PBXFileReference; lastKnownFileType = sourcecode.swift; path = "URL+Extensions.swift"; sourceTree = "<group>"; };
		3092426F298D191B00ABB680 /* OAuthTokenResponseBody.swift */ = {isa = PBXFileReference; lastKnownFileType = sourcecode.swift; path = OAuthTokenResponseBody.swift; sourceTree = "<group>"; };
		30B8D12C29827BA800F9A637 /* AuthViewController.swift */ = {isa = PBXFileReference; lastKnownFileType = sourcecode.swift; path = AuthViewController.swift; sourceTree = "<group>"; };
		30B8D12E29827D5200F9A637 /* WebViewViewController.swift */ = {isa = PBXFileReference; lastKnownFileType = sourcecode.swift; path = WebViewViewController.swift; sourceTree = "<group>"; };
		30B8D134298BF64700F9A637 /* OAuth2Service.swift */ = {isa = PBXFileReference; lastKnownFileType = sourcecode.swift; path = OAuth2Service.swift; sourceTree = "<group>"; };
		30B8D136298BFA5900F9A637 /* OAuth2TokenStorage.swift */ = {isa = PBXFileReference; lastKnownFileType = sourcecode.swift; path = OAuth2TokenStorage.swift; sourceTree = "<group>"; };
		30EBFA7729506C7300563AD4 /* ImageFeed.app */ = {isa = PBXFileReference; explicitFileType = wrapper.application; includeInIndex = 0; path = ImageFeed.app; sourceTree = BUILT_PRODUCTS_DIR; };
		30EBFA7A29506C7300563AD4 /* AppDelegate.swift */ = {isa = PBXFileReference; lastKnownFileType = sourcecode.swift; path = AppDelegate.swift; sourceTree = "<group>"; };
		30EBFA7C29506C7300563AD4 /* SceneDelegate.swift */ = {isa = PBXFileReference; lastKnownFileType = sourcecode.swift; path = SceneDelegate.swift; sourceTree = "<group>"; };
		30EBFA7E29506C7300563AD4 /* ImagesListViewController.swift */ = {isa = PBXFileReference; lastKnownFileType = sourcecode.swift; path = ImagesListViewController.swift; sourceTree = "<group>"; };
		30EBFA8129506C7300563AD4 /* Base */ = {isa = PBXFileReference; lastKnownFileType = file.storyboard; name = Base; path = Base.lproj/Main.storyboard; sourceTree = "<group>"; };
		30EBFA8329506C7700563AD4 /* Assets.xcassets */ = {isa = PBXFileReference; lastKnownFileType = folder.assetcatalog; path = Assets.xcassets; sourceTree = "<group>"; };
		30EBFA8629506C7700563AD4 /* Base */ = {isa = PBXFileReference; lastKnownFileType = file.storyboard; name = Base; path = Base.lproj/LaunchScreen.storyboard; sourceTree = "<group>"; };
		30EBFA8829506C7700563AD4 /* Info.plist */ = {isa = PBXFileReference; lastKnownFileType = text.plist.xml; path = Info.plist; sourceTree = "<group>"; };
/* End PBXFileReference section */

/* Begin PBXFrameworksBuildPhase section */
		30EBFA7429506C7200563AD4 /* Frameworks */ = {
			isa = PBXFrameworksBuildPhase;
			buildActionMask = 2147483647;
			files = (
			);
			runOnlyForDeploymentPostprocessing = 0;
		};
/* End PBXFrameworksBuildPhase section */

/* Begin PBXGroup section */
		302D3628296EE7AA003A15A3 /* Profile */ = {
			isa = PBXGroup;
			children = (
				302D3624296C716C003A15A3 /* ProfileViewController.swift */,
			);
			path = Profile;
			sourceTree = "<group>";
		};
		302D3629296EE7B7003A15A3 /* SingleImage */ = {
			isa = PBXGroup;
			children = (
				302D3626296EE4EB003A15A3 /* SingleImageViewController.swift */,
			);
			path = SingleImage;
			sourceTree = "<group>";
		};
		3060753B2951D06D008E36D9 /* ImagesList */ = {
			isa = PBXGroup;
			children = (
				306075392951D017008E36D9 /* ImageListCell.swift */,
				30EBFA7E29506C7300563AD4 /* ImagesListViewController.swift */,
			);
			path = ImagesList;
			sourceTree = "<group>";
		};
		3092426B298D0A7600ABB680 /* SplashViewController */ = {
			isa = PBXGroup;
			children = (
				30924269298CF8A500ABB680 /* SplashViewController.swift */,
			);
			path = SplashViewController;
			sourceTree = "<group>";
		};
		3092426C298D11BA00ABB680 /* Helpers */ = {
			isa = PBXGroup;
			children = (
				3024E001297E9A830016082B /* Constants.swift */,
				3092426D298D11E700ABB680 /* URL+Extensions.swift */,
			);
			path = Helpers;
			sourceTree = "<group>";
		};
		30B8D12B29827B4900F9A637 /* Auth */ = {
			isa = PBXGroup;
			children = (
				30B8D12C29827BA800F9A637 /* AuthViewController.swift */,
				30B8D12E29827D5200F9A637 /* WebViewViewController.swift */,
			);
			path = Auth;
			sourceTree = "<group>";
		};
		30B8D133298BF58200F9A637 /* Service */ = {
			isa = PBXGroup;
			children = (
				30B8D138298BFE9E00F9A637 /* OAuth2 */,
			);
			path = Service;
			sourceTree = "<group>";
		};
		30B8D138298BFE9E00F9A637 /* OAuth2 */ = {
			isa = PBXGroup;
			children = (
				30B8D136298BFA5900F9A637 /* OAuth2TokenStorage.swift */,
				30B8D134298BF64700F9A637 /* OAuth2Service.swift */,
				3092426F298D191B00ABB680 /* OAuthTokenResponseBody.swift */,
			);
			path = OAuth2;
			sourceTree = "<group>";
		};
		30BB5BDC297AAFA5003BF3B3 /* Resources */ = {
			isa = PBXGroup;
			children = (
				30EBFA8829506C7700563AD4 /* Info.plist */,
				30EBFA8329506C7700563AD4 /* Assets.xcassets */,
				30EBFA8529506C7700563AD4 /* LaunchScreen.storyboard */,
			);
			path = Resources;
			sourceTree = "<group>";
		};
		30EBFA6E29506C7200563AD4 = {
			isa = PBXGroup;
			children = (
				30EBFA7929506C7300563AD4 /* ImageFeed */,
				30EBFA8029506C7300563AD4 /* Main.storyboard */,
				30EBFA7A29506C7300563AD4 /* AppDelegate.swift */,
				30EBFA7C29506C7300563AD4 /* SceneDelegate.swift */,
				30EBFA7829506C7300563AD4 /* Products */,
			);
			sourceTree = "<group>";
		};
		30EBFA7829506C7300563AD4 /* Products */ = {
			isa = PBXGroup;
			children = (
				30EBFA7729506C7300563AD4 /* ImageFeed.app */,
			);
			name = Products;
			sourceTree = "<group>";
		};
		30EBFA7929506C7300563AD4 /* ImageFeed */ = {
			isa = PBXGroup;
			children = (
				30B8D12B29827B4900F9A637 /* Auth */,
				3060753B2951D06D008E36D9 /* ImagesList */,
				3092426C298D11BA00ABB680 /* Helpers */,
				302D3628296EE7AA003A15A3 /* Profile */,
				30BB5BDC297AAFA5003BF3B3 /* Resources */,
				3092426B298D0A7600ABB680 /* SplashViewController */,
				30B8D133298BF58200F9A637 /* Service */,
				302D3629296EE7B7003A15A3 /* SingleImage */,
			);
			path = ImageFeed;
			sourceTree = "<group>";
		};
/* End PBXGroup section */

/* Begin PBXNativeTarget section */
		30EBFA7629506C7200563AD4 /* ImageFeed */ = {
			isa = PBXNativeTarget;
			buildConfigurationList = 30EBFA8B29506C7700563AD4 /* Build configuration list for PBXNativeTarget "ImageFeed" */;
			buildPhases = (
				30EBFA7329506C7200563AD4 /* Sources */,
				30EBFA7429506C7200563AD4 /* Frameworks */,
				30EBFA7529506C7200563AD4 /* Resources */,
			);
			buildRules = (
			);
			dependencies = (
			);
			name = ImageFeed;
			productName = ImageFeed;
			productReference = 30EBFA7729506C7300563AD4 /* ImageFeed.app */;
			productType = "com.apple.product-type.application";
		};
/* End PBXNativeTarget section */

/* Begin PBXProject section */
		30EBFA6F29506C7200563AD4 /* Project object */ = {
			isa = PBXProject;
			attributes = {
				BuildIndependentTargetsInParallel = 1;
				LastSwiftUpdateCheck = 1420;
				LastUpgradeCheck = 1420;
				TargetAttributes = {
					30EBFA7629506C7200563AD4 = {
						CreatedOnToolsVersion = 14.2;
					};
				};
			};
			buildConfigurationList = 30EBFA7229506C7200563AD4 /* Build configuration list for PBXProject "ImageFeed" */;
			compatibilityVersion = "Xcode 14.0";
			developmentRegion = en;
			hasScannedForEncodings = 0;
			knownRegions = (
				en,
				Base,
			);
			mainGroup = 30EBFA6E29506C7200563AD4;
			productRefGroup = 30EBFA7829506C7300563AD4 /* Products */;
			projectDirPath = "";
			projectRoot = "";
			targets = (
				30EBFA7629506C7200563AD4 /* ImageFeed */,
			);
		};
/* End PBXProject section */

/* Begin PBXResourcesBuildPhase section */
		30EBFA7529506C7200563AD4 /* Resources */ = {
			isa = PBXResourcesBuildPhase;
			buildActionMask = 2147483647;
			files = (
				30EBFA8729506C7700563AD4 /* LaunchScreen.storyboard in Resources */,
				30EBFA8429506C7700563AD4 /* Assets.xcassets in Resources */,
				30EBFA8229506C7300563AD4 /* Main.storyboard in Resources */,
			);
			runOnlyForDeploymentPostprocessing = 0;
		};
/* End PBXResourcesBuildPhase section */

/* Begin PBXSourcesBuildPhase section */
		30EBFA7329506C7200563AD4 /* Sources */ = {
			isa = PBXSourcesBuildPhase;
			buildActionMask = 2147483647;
			files = (
				30EBFA7F29506C7300563AD4 /* ImagesListViewController.swift in Sources */,
				3060753A2951D017008E36D9 /* ImageListCell.swift in Sources */,
				302D3625296C716C003A15A3 /* ProfileViewController.swift in Sources */,
				3092426A298CF8A500ABB680 /* SplashViewController.swift in Sources */,
				3092426E298D11E700ABB680 /* URL+Extensions.swift in Sources */,
				30B8D137298BFA5900F9A637 /* OAuth2TokenStorage.swift in Sources */,
				30EBFA7B29506C7300563AD4 /* AppDelegate.swift in Sources */,
				30B8D12D29827BA800F9A637 /* AuthViewController.swift in Sources */,
				3024E002297E9A830016082B /* Constants.swift in Sources */,
				302D3627296EE4EB003A15A3 /* SingleImageViewController.swift in Sources */,
				30924270298D191B00ABB680 /* OAuthTokenResponseBody.swift in Sources */,
				30B8D135298BF64700F9A637 /* OAuth2Service.swift in Sources */,
				30B8D12F29827D5200F9A637 /* WebViewViewController.swift in Sources */,
				30EBFA7D29506C7300563AD4 /* SceneDelegate.swift in Sources */,
			);
			runOnlyForDeploymentPostprocessing = 0;
		};
/* End PBXSourcesBuildPhase section */

/* Begin PBXVariantGroup section */
		30EBFA8029506C7300563AD4 /* Main.storyboard */ = {
			isa = PBXVariantGroup;
			children = (
				30EBFA8129506C7300563AD4 /* Base */,
			);
			name = Main.storyboard;
			sourceTree = "<group>";
		};
		30EBFA8529506C7700563AD4 /* LaunchScreen.storyboard */ = {
			isa = PBXVariantGroup;
			children = (
				30EBFA8629506C7700563AD4 /* Base */,
			);
			name = LaunchScreen.storyboard;
			sourceTree = "<group>";
		};
/* End PBXVariantGroup section */

/* Begin XCBuildConfiguration section */
		30EBFA8929506C7700563AD4 /* Debug */ = {
			isa = XCBuildConfiguration;
			buildSettings = {
				ALWAYS_SEARCH_USER_PATHS = NO;
				CLANG_ANALYZER_NONNULL = YES;
				CLANG_ANALYZER_NUMBER_OBJECT_CONVERSION = YES_AGGRESSIVE;
				CLANG_CXX_LANGUAGE_STANDARD = "gnu++20";
				CLANG_ENABLE_MODULES = YES;
				CLANG_ENABLE_OBJC_ARC = YES;
				CLANG_ENABLE_OBJC_WEAK = YES;
				CLANG_WARN_BLOCK_CAPTURE_AUTORELEASING = YES;
				CLANG_WARN_BOOL_CONVERSION = YES;
				CLANG_WARN_COMMA = YES;
				CLANG_WARN_CONSTANT_CONVERSION = YES;
				CLANG_WARN_DEPRECATED_OBJC_IMPLEMENTATIONS = YES;
				CLANG_WARN_DIRECT_OBJC_ISA_USAGE = YES_ERROR;
				CLANG_WARN_DOCUMENTATION_COMMENTS = YES;
				CLANG_WARN_EMPTY_BODY = YES;
				CLANG_WARN_ENUM_CONVERSION = YES;
				CLANG_WARN_INFINITE_RECURSION = YES;
				CLANG_WARN_INT_CONVERSION = YES;
				CLANG_WARN_NON_LITERAL_NULL_CONVERSION = YES;
				CLANG_WARN_OBJC_IMPLICIT_RETAIN_SELF = YES;
				CLANG_WARN_OBJC_LITERAL_CONVERSION = YES;
				CLANG_WARN_OBJC_ROOT_CLASS = YES_ERROR;
				CLANG_WARN_QUOTED_INCLUDE_IN_FRAMEWORK_HEADER = YES;
				CLANG_WARN_RANGE_LOOP_ANALYSIS = YES;
				CLANG_WARN_STRICT_PROTOTYPES = YES;
				CLANG_WARN_SUSPICIOUS_MOVE = YES;
				CLANG_WARN_UNGUARDED_AVAILABILITY = YES_AGGRESSIVE;
				CLANG_WARN_UNREACHABLE_CODE = YES;
				CLANG_WARN__DUPLICATE_METHOD_MATCH = YES;
				COPY_PHASE_STRIP = NO;
				DEBUG_INFORMATION_FORMAT = dwarf;
				ENABLE_STRICT_OBJC_MSGSEND = YES;
				ENABLE_TESTABILITY = YES;
				GCC_C_LANGUAGE_STANDARD = gnu11;
				GCC_DYNAMIC_NO_PIC = NO;
				GCC_NO_COMMON_BLOCKS = YES;
				GCC_OPTIMIZATION_LEVEL = 0;
				GCC_PREPROCESSOR_DEFINITIONS = (
					"DEBUG=1",
					"$(inherited)",
				);
				GCC_WARN_64_TO_32_BIT_CONVERSION = YES;
				GCC_WARN_ABOUT_RETURN_TYPE = YES_ERROR;
				GCC_WARN_UNDECLARED_SELECTOR = YES;
				GCC_WARN_UNINITIALIZED_AUTOS = YES_AGGRESSIVE;
				GCC_WARN_UNUSED_FUNCTION = YES;
				GCC_WARN_UNUSED_VARIABLE = YES;
				IPHONEOS_DEPLOYMENT_TARGET = 16.2;
				MTL_ENABLE_DEBUG_INFO = INCLUDE_SOURCE;
				MTL_FAST_MATH = YES;
				ONLY_ACTIVE_ARCH = YES;
				SDKROOT = iphoneos;
				SWIFT_ACTIVE_COMPILATION_CONDITIONS = DEBUG;
				SWIFT_OPTIMIZATION_LEVEL = "-Onone";
			};
			name = Debug;
		};
		30EBFA8A29506C7700563AD4 /* Release */ = {
			isa = XCBuildConfiguration;
			buildSettings = {
				ALWAYS_SEARCH_USER_PATHS = NO;
				CLANG_ANALYZER_NONNULL = YES;
				CLANG_ANALYZER_NUMBER_OBJECT_CONVERSION = YES_AGGRESSIVE;
				CLANG_CXX_LANGUAGE_STANDARD = "gnu++20";
				CLANG_ENABLE_MODULES = YES;
				CLANG_ENABLE_OBJC_ARC = YES;
				CLANG_ENABLE_OBJC_WEAK = YES;
				CLANG_WARN_BLOCK_CAPTURE_AUTORELEASING = YES;
				CLANG_WARN_BOOL_CONVERSION = YES;
				CLANG_WARN_COMMA = YES;
				CLANG_WARN_CONSTANT_CONVERSION = YES;
				CLANG_WARN_DEPRECATED_OBJC_IMPLEMENTATIONS = YES;
				CLANG_WARN_DIRECT_OBJC_ISA_USAGE = YES_ERROR;
				CLANG_WARN_DOCUMENTATION_COMMENTS = YES;
				CLANG_WARN_EMPTY_BODY = YES;
				CLANG_WARN_ENUM_CONVERSION = YES;
				CLANG_WARN_INFINITE_RECURSION = YES;
				CLANG_WARN_INT_CONVERSION = YES;
				CLANG_WARN_NON_LITERAL_NULL_CONVERSION = YES;
				CLANG_WARN_OBJC_IMPLICIT_RETAIN_SELF = YES;
				CLANG_WARN_OBJC_LITERAL_CONVERSION = YES;
				CLANG_WARN_OBJC_ROOT_CLASS = YES_ERROR;
				CLANG_WARN_QUOTED_INCLUDE_IN_FRAMEWORK_HEADER = YES;
				CLANG_WARN_RANGE_LOOP_ANALYSIS = YES;
				CLANG_WARN_STRICT_PROTOTYPES = YES;
				CLANG_WARN_SUSPICIOUS_MOVE = YES;
				CLANG_WARN_UNGUARDED_AVAILABILITY = YES_AGGRESSIVE;
				CLANG_WARN_UNREACHABLE_CODE = YES;
				CLANG_WARN__DUPLICATE_METHOD_MATCH = YES;
				COPY_PHASE_STRIP = NO;
				DEBUG_INFORMATION_FORMAT = "dwarf-with-dsym";
				ENABLE_NS_ASSERTIONS = NO;
				ENABLE_STRICT_OBJC_MSGSEND = YES;
				GCC_C_LANGUAGE_STANDARD = gnu11;
				GCC_NO_COMMON_BLOCKS = YES;
				GCC_WARN_64_TO_32_BIT_CONVERSION = YES;
				GCC_WARN_ABOUT_RETURN_TYPE = YES_ERROR;
				GCC_WARN_UNDECLARED_SELECTOR = YES;
				GCC_WARN_UNINITIALIZED_AUTOS = YES_AGGRESSIVE;
				GCC_WARN_UNUSED_FUNCTION = YES;
				GCC_WARN_UNUSED_VARIABLE = YES;
				IPHONEOS_DEPLOYMENT_TARGET = 16.2;
				MTL_ENABLE_DEBUG_INFO = NO;
				MTL_FAST_MATH = YES;
				SDKROOT = iphoneos;
				SWIFT_COMPILATION_MODE = wholemodule;
				SWIFT_OPTIMIZATION_LEVEL = "-O";
				VALIDATE_PRODUCT = YES;
			};
			name = Release;
		};
		30EBFA8C29506C7700563AD4 /* Debug */ = {
			isa = XCBuildConfiguration;
			buildSettings = {
				ASSETCATALOG_COMPILER_APPICON_NAME = AppIcon;
				ASSETCATALOG_COMPILER_GLOBAL_ACCENT_COLOR_NAME = AccentColor;
				CODE_SIGN_STYLE = Automatic;
				CURRENT_PROJECT_VERSION = 1;
				DEVELOPMENT_TEAM = 4YWS5M77HV;
				GENERATE_INFOPLIST_FILE = YES;
				INFOPLIST_FILE = ImageFeed/Resources/Info.plist;
				INFOPLIST_KEY_UIApplicationSupportsIndirectInputEvents = YES;
				INFOPLIST_KEY_UILaunchStoryboardName = LaunchScreen;
				INFOPLIST_KEY_UIMainStoryboardFile = Main;
				INFOPLIST_KEY_UIStatusBarStyle = "";
				INFOPLIST_KEY_UISupportedInterfaceOrientations = UIInterfaceOrientationPortrait;
				IPHONEOS_DEPLOYMENT_TARGET = 13.0;
				LD_RUNPATH_SEARCH_PATHS = (
					"$(inherited)",
					"@executable_path/Frameworks",
				);
				MARKETING_VERSION = 1.0;
				PRODUCT_BUNDLE_IDENTIFIER = ru.yandex.practicum.RespectRus.ImageFeed;
				PRODUCT_NAME = "$(TARGET_NAME)";
				SUPPORTED_PLATFORMS = "iphoneos iphonesimulator";
				SUPPORTS_MACCATALYST = NO;
				SUPPORTS_MAC_DESIGNED_FOR_IPHONE_IPAD = YES;
				SWIFT_EMIT_LOC_STRINGS = YES;
				SWIFT_VERSION = 5.0;
				TARGETED_DEVICE_FAMILY = 1;
			};
			name = Debug;
		};
		30EBFA8D29506C7700563AD4 /* Release */ = {
			isa = XCBuildConfiguration;
			buildSettings = {
				ASSETCATALOG_COMPILER_APPICON_NAME = AppIcon;
				ASSETCATALOG_COMPILER_GLOBAL_ACCENT_COLOR_NAME = AccentColor;
				CODE_SIGN_STYLE = Automatic;
				CURRENT_PROJECT_VERSION = 1;
				DEVELOPMENT_TEAM = 4YWS5M77HV;
				GENERATE_INFOPLIST_FILE = YES;
				INFOPLIST_FILE = ImageFeed/Resources/Info.plist;
				INFOPLIST_KEY_UIApplicationSupportsIndirectInputEvents = YES;
				INFOPLIST_KEY_UILaunchStoryboardName = LaunchScreen;
				INFOPLIST_KEY_UIMainStoryboardFile = Main;
				INFOPLIST_KEY_UIStatusBarStyle = "";
				INFOPLIST_KEY_UISupportedInterfaceOrientations = UIInterfaceOrientationPortrait;
				IPHONEOS_DEPLOYMENT_TARGET = 13.0;
				LD_RUNPATH_SEARCH_PATHS = (
					"$(inherited)",
					"@executable_path/Frameworks",
				);
				MARKETING_VERSION = 1.0;
				PRODUCT_BUNDLE_IDENTIFIER = ru.yandex.practicum.RespectRus.ImageFeed;
				PRODUCT_NAME = "$(TARGET_NAME)";
				SUPPORTED_PLATFORMS = "iphoneos iphonesimulator";
				SUPPORTS_MACCATALYST = NO;
				SUPPORTS_MAC_DESIGNED_FOR_IPHONE_IPAD = YES;
				SWIFT_EMIT_LOC_STRINGS = YES;
				SWIFT_VERSION = 5.0;
				TARGETED_DEVICE_FAMILY = 1;
			};
			name = Release;
		};
/* End XCBuildConfiguration section */

/* Begin XCConfigurationList section */
		30EBFA7229506C7200563AD4 /* Build configuration list for PBXProject "ImageFeed" */ = {
			isa = XCConfigurationList;
			buildConfigurations = (
				30EBFA8929506C7700563AD4 /* Debug */,
				30EBFA8A29506C7700563AD4 /* Release */,
			);
			defaultConfigurationIsVisible = 0;
			defaultConfigurationName = Release;
		};
		30EBFA8B29506C7700563AD4 /* Build configuration list for PBXNativeTarget "ImageFeed" */ = {
			isa = XCConfigurationList;
			buildConfigurations = (
				30EBFA8C29506C7700563AD4 /* Debug */,
				30EBFA8D29506C7700563AD4 /* Release */,
			);
			defaultConfigurationIsVisible = 0;
			defaultConfigurationName = Release;
		};
/* End XCConfigurationList section */
	};
	rootObject = 30EBFA6F29506C7200563AD4 /* Project object */;
}
